
Microsoft Visual Studio Solution File, Format Version 12.00
# Visual Studio Version 16
VisualStudioVersion = 16.0.31507.150
MinimumVisualStudioVersion = 10.0.40219.1
Project("{9A19103F-16F7-4668-BE54-9A1E7A4F7556}") = "RazorApplicationForBookList", "RazorApplicationForBookList\RazorApplicationForBookList.csproj", "{1B8B5241-FCBC-4B05-9B93-4EE7412E24CF}"
EndProject
Global
	GlobalSection(SolutionConfigurationPlatforms) = preSolution
		Debug|Any CPU = Debug|Any CPU
		Release|Any CPU = Release|Any CPU
	EndGlobalSection
	GlobalSection(ProjectConfigurationPlatforms) = postSolution
		{1B8B5241-FCBC-4B05-9B93-4EE7412E24CF}.Debug|Any CPU.ActiveCfg = Debug|Any CPU
		{1B8B5241-FCBC-4B05-9B93-4EE7412E24CF}.Debug|Any CPU.Build.0 = Debug|Any CPU
		{1B8B5241-FCBC-4B05-9B93-4EE7412E24CF}.Release|Any CPU.ActiveCfg = Release|Any CPU
		{1B8B5241-FCBC-4B05-9B93-4EE7412E24CF}.Release|Any CPU.Build.0 = Release|Any CPU
	EndGlobalSection
	GlobalSection(SolutionProperties) = preSolution
		HideSolutionNode = FALSE
	EndGlobalSection
	GlobalSection(ExtensibilityGlobals) = postSolution
		SolutionGuid = {904CCEA3-45F2-4AC2-82E9-A1F4058A7B2B}
	EndGlobalSection
EndGlobal
